// !$*UTF8*$!
{
	archiveVersion = 1;
	classes = {
	};
	objectVersion = 50;
	objects = {

/* Begin PBXBuildFile section */
		07B3ABEBAB3377B22DF4C769 /* Pods_RHNetworking.framework in Frameworks */ = {isa = PBXBuildFile; fileRef = 9EB07427F2BD9904DFB1EBA3 /* Pods_RHNetworking.framework */; };
		EC76BDDB20E4B6C00026341E /* AppDelegate.swift in Sources */ = {isa = PBXBuildFile; fileRef = EC76BDDA20E4B6C00026341E /* AppDelegate.swift */; };
		EC76BDDD20E4B6C00026341E /* ViewController.swift in Sources */ = {isa = PBXBuildFile; fileRef = EC76BDDC20E4B6C00026341E /* ViewController.swift */; };
		EC76BDE020E4B6C00026341E /* Main.storyboard in Resources */ = {isa = PBXBuildFile; fileRef = EC76BDDE20E4B6C00026341E /* Main.storyboard */; };
		EC76BDE220E4B6C10026341E /* Assets.xcassets in Resources */ = {isa = PBXBuildFile; fileRef = EC76BDE120E4B6C10026341E /* Assets.xcassets */; };
		EC76BDE520E4B6C10026341E /* LaunchScreen.storyboard in Resources */ = {isa = PBXBuildFile; fileRef = EC76BDE320E4B6C10026341E /* LaunchScreen.storyboard */; };
		EC76BDF120E4B89B0026341E /* RHRequest.swift in Sources */ = {isa = PBXBuildFile; fileRef = EC76BDED20E4B89B0026341E /* RHRequest.swift */; };
		EC76BDF220E4B89B0026341E /* RHNetworkStatus.swift in Sources */ = {isa = PBXBuildFile; fileRef = EC76BDEE20E4B89B0026341E /* RHNetworkStatus.swift */; };
		EC76BDF320E4B89B0026341E /* RHNetworkProvider.swift in Sources */ = {isa = PBXBuildFile; fileRef = EC76BDEF20E4B89B0026341E /* RHNetworkProvider.swift */; };
		EC76BDF420E4B89B0026341E /* RHNetwork+Extensions.swift in Sources */ = {isa = PBXBuildFile; fileRef = EC76BDF020E4B89B0026341E /* RHNetwork+Extensions.swift */; };
/* End PBXBuildFile section */

/* Begin PBXFileReference section */
		952EF4AED38FB4B65E8BF749 /* Pods-RHNetworking.release.xcconfig */ = {isa = PBXFileReference; includeInIndex = 1; lastKnownFileType = text.xcconfig; name = "Pods-RHNetworking.release.xcconfig"; path = "Pods/Target Support Files/Pods-RHNetworking/Pods-RHNetworking.release.xcconfig"; sourceTree = "<group>"; };
		9EB07427F2BD9904DFB1EBA3 /* Pods_RHNetworking.framework */ = {isa = PBXFileReference; explicitFileType = wrapper.framework; includeInIndex = 0; path = Pods_RHNetworking.framework; sourceTree = BUILT_PRODUCTS_DIR; };
		E68763236B21F08D86F4B20D /* Pods-RHNetworking.debug.xcconfig */ = {isa = PBXFileReference; includeInIndex = 1; lastKnownFileType = text.xcconfig; name = "Pods-RHNetworking.debug.xcconfig"; path = "Pods/Target Support Files/Pods-RHNetworking/Pods-RHNetworking.debug.xcconfig"; sourceTree = "<group>"; };
		EC76BDD720E4B6C00026341E /* RHNetworking.app */ = {isa = PBXFileReference; explicitFileType = wrapper.application; includeInIndex = 0; path = RHNetworking.app; sourceTree = BUILT_PRODUCTS_DIR; };
		EC76BDDA20E4B6C00026341E /* AppDelegate.swift */ = {isa = PBXFileReference; lastKnownFileType = sourcecode.swift; path = AppDelegate.swift; sourceTree = "<group>"; };
		EC76BDDC20E4B6C00026341E /* ViewController.swift */ = {isa = PBXFileReference; lastKnownFileType = sourcecode.swift; path = ViewController.swift; sourceTree = "<group>"; };
		EC76BDDF20E4B6C00026341E /* Base */ = {isa = PBXFileReference; lastKnownFileType = file.storyboard; name = Base; path = Base.lproj/Main.storyboard; sourceTree = "<group>"; };
		EC76BDE120E4B6C10026341E /* Assets.xcassets */ = {isa = PBXFileReference; lastKnownFileType = folder.assetcatalog; path = Assets.xcassets; sourceTree = "<group>"; };
		EC76BDE420E4B6C10026341E /* Base */ = {isa = PBXFileReference; lastKnownFileType = file.storyboard; name = Base; path = Base.lproj/LaunchScreen.storyboard; sourceTree = "<group>"; };
		EC76BDE620E4B6C10026341E /* Info.plist */ = {isa = PBXFileReference; lastKnownFileType = text.plist.xml; path = Info.plist; sourceTree = "<group>"; };
		EC76BDED20E4B89B0026341E /* RHRequest.swift */ = {isa = PBXFileReference; fileEncoding = 4; lastKnownFileType = sourcecode.swift; path = RHRequest.swift; sourceTree = "<group>"; };
		EC76BDEE20E4B89B0026341E /* RHNetworkStatus.swift */ = {isa = PBXFileReference; fileEncoding = 4; lastKnownFileType = sourcecode.swift; path = RHNetworkStatus.swift; sourceTree = "<group>"; };
		EC76BDEF20E4B89B0026341E /* RHNetworkProvider.swift */ = {isa = PBXFileReference; fileEncoding = 4; lastKnownFileType = sourcecode.swift; path = RHNetworkProvider.swift; sourceTree = "<group>"; };
		EC76BDF020E4B89B0026341E /* RHNetwork+Extensions.swift */ = {isa = PBXFileReference; fileEncoding = 4; lastKnownFileType = sourcecode.swift; path = "RHNetwork+Extensions.swift"; sourceTree = "<group>"; };
/* End PBXFileReference section */

/* Begin PBXFrameworksBuildPhase section */
		EC76BDD420E4B6C00026341E /* Frameworks */ = {
			isa = PBXFrameworksBuildPhase;
			buildActionMask = 2147483647;
			files = (
				07B3ABEBAB3377B22DF4C769 /* Pods_RHNetworking.framework in Frameworks */,
			);
			runOnlyForDeploymentPostprocessing = 0;
		};
/* End PBXFrameworksBuildPhase section */

/* Begin PBXGroup section */
		B64BC4B24AAB400C1AC4A534 /* Pods */ = {
			isa = PBXGroup;
			children = (
				E68763236B21F08D86F4B20D /* Pods-RHNetworking.debug.xcconfig */,
				952EF4AED38FB4B65E8BF749 /* Pods-RHNetworking.release.xcconfig */,
			);
			name = Pods;
			sourceTree = "<group>";
		};
		C24EA3060B6508225A2AFF5E /* Frameworks */ = {
			isa = PBXGroup;
			children = (
				9EB07427F2BD9904DFB1EBA3 /* Pods_RHNetworking.framework */,
			);
			name = Frameworks;
			sourceTree = "<group>";
		};
		EC76BDCE20E4B6C00026341E = {
			isa = PBXGroup;
			children = (
				EC76BDD920E4B6C00026341E /* RHNetworking */,
				EC76BDD820E4B6C00026341E /* Products */,
				B64BC4B24AAB400C1AC4A534 /* Pods */,
				C24EA3060B6508225A2AFF5E /* Frameworks */,
			);
			sourceTree = "<group>";
		};
		EC76BDD820E4B6C00026341E /* Products */ = {
			isa = PBXGroup;
			children = (
				EC76BDD720E4B6C00026341E /* RHNetworking.app */,
			);
			name = Products;
			sourceTree = "<group>";
		};
		EC76BDD920E4B6C00026341E /* RHNetworking */ = {
			isa = PBXGroup;
			children = (
				EC76BDEC20E4B89B0026341E /* RHNetwork */,
				EC76BDDA20E4B6C00026341E /* AppDelegate.swift */,
				EC76BDDC20E4B6C00026341E /* ViewController.swift */,
				EC76BDDE20E4B6C00026341E /* Main.storyboard */,
				EC76BDE120E4B6C10026341E /* Assets.xcassets */,
				EC76BDE320E4B6C10026341E /* LaunchScreen.storyboard */,
				EC76BDE620E4B6C10026341E /* Info.plist */,
			);
			path = RHNetworking;
			sourceTree = "<group>";
		};
		EC76BDEC20E4B89B0026341E /* RHNetwork */ = {
			isa = PBXGroup;
			children = (
				EC76BDED20E4B89B0026341E /* RHRequest.swift */,
				EC76BDEF20E4B89B0026341E /* RHNetworkProvider.swift */,
				EC76BDEE20E4B89B0026341E /* RHNetworkStatus.swift */,
				EC76BDF020E4B89B0026341E /* RHNetwork+Extensions.swift */,
			);
			path = RHNetwork;
			sourceTree = "<group>";
		};
/* End PBXGroup section */

/* Begin PBXNativeTarget section */
		EC76BDD620E4B6C00026341E /* RHNetworking */ = {
			isa = PBXNativeTarget;
			buildConfigurationList = EC76BDE920E4B6C10026341E /* Build configuration list for PBXNativeTarget "RHNetworking" */;
			buildPhases = (
				B90BF4247BC7F705A209DD8C /* [CP] Check Pods Manifest.lock */,
				EC76BDD320E4B6C00026341E /* Sources */,
				EC76BDD420E4B6C00026341E /* Frameworks */,
				EC76BDD520E4B6C00026341E /* Resources */,
				CDC46C5E4F41662726919A60 /* [CP] Embed Pods Frameworks */,
			);
			buildRules = (
			);
			dependencies = (
			);
			name = RHNetworking;
			productName = RHNetworking;
			productReference = EC76BDD720E4B6C00026341E /* RHNetworking.app */;
			productType = "com.apple.product-type.application";
		};
/* End PBXNativeTarget section */

/* Begin PBXProject section */
		EC76BDCF20E4B6C00026341E /* Project object */ = {
			isa = PBXProject;
			attributes = {
				LastSwiftUpdateCheck = 0940;
				LastUpgradeCheck = 0940;
				ORGANIZATIONNAME = "荣恒";
				TargetAttributes = {
					EC76BDD620E4B6C00026341E = {
						CreatedOnToolsVersion = 9.4.1;
					};
				};
			};
			buildConfigurationList = EC76BDD220E4B6C00026341E /* Build configuration list for PBXProject "RHNetworking" */;
			compatibilityVersion = "Xcode 9.3";
			developmentRegion = en;
			hasScannedForEncodings = 0;
			knownRegions = (
				en,
				Base,
			);
			mainGroup = EC76BDCE20E4B6C00026341E;
			productRefGroup = EC76BDD820E4B6C00026341E /* Products */;
			projectDirPath = "";
			projectRoot = "";
			targets = (
				EC76BDD620E4B6C00026341E /* RHNetworking */,
			);
		};
/* End PBXProject section */

/* Begin PBXResourcesBuildPhase section */
		EC76BDD520E4B6C00026341E /* Resources */ = {
			isa = PBXResourcesBuildPhase;
			buildActionMask = 2147483647;
			files = (
				EC76BDE520E4B6C10026341E /* LaunchScreen.storyboard in Resources */,
				EC76BDE220E4B6C10026341E /* Assets.xcassets in Resources */,
				EC76BDE020E4B6C00026341E /* Main.storyboard in Resources */,
			);
			runOnlyForDeploymentPostprocessing = 0;
		};
/* End PBXResourcesBuildPhase section */

/* Begin PBXShellScriptBuildPhase section */
		B90BF4247BC7F705A209DD8C /* [CP] Check Pods Manifest.lock */ = {
			isa = PBXShellScriptBuildPhase;
			buildActionMask = 2147483647;
			files = (
			);
			inputPaths = (
				"${PODS_PODFILE_DIR_PATH}/Podfile.lock",
				"${PODS_ROOT}/Manifest.lock",
			);
			name = "[CP] Check Pods Manifest.lock";
			outputPaths = (
				"$(DERIVED_FILE_DIR)/Pods-RHNetworking-checkManifestLockResult.txt",
			);
			runOnlyForDeploymentPostprocessing = 0;
			shellPath = /bin/sh;
			shellScript = "diff \"${PODS_PODFILE_DIR_PATH}/Podfile.lock\" \"${PODS_ROOT}/Manifest.lock\" > /dev/null\nif [ $? != 0 ] ; then\n    # print error to STDERR\n    echo \"error: The sandbox is not in sync with the Podfile.lock. Run 'pod install' or update your CocoaPods installation.\" >&2\n    exit 1\nfi\n# This output is used by Xcode 'outputs' to avoid re-running this script phase.\necho \"SUCCESS\" > \"${SCRIPT_OUTPUT_FILE_0}\"\n";
			showEnvVarsInLog = 0;
		};
		CDC46C5E4F41662726919A60 /* [CP] Embed Pods Frameworks */ = {
			isa = PBXShellScriptBuildPhase;
			buildActionMask = 2147483647;
			files = (
			);
			inputPaths = (
				"${SRCROOT}/Pods/Target Support Files/Pods-RHNetworking/Pods-RHNetworking-frameworks.sh",
				"${BUILT_PRODUCTS_DIR}/Alamofire/Alamofire.framework",
				"${BUILT_PRODUCTS_DIR}/ObjectMapper/ObjectMapper.framework",
				"${BUILT_PRODUCTS_DIR}/ReactiveCocoa/ReactiveCocoa.framework",
				"${BUILT_PRODUCTS_DIR}/ReactiveSwift/ReactiveSwift.framework",
				"${BUILT_PRODUCTS_DIR}/Result/Result.framework",
			);
			name = "[CP] Embed Pods Frameworks";
			outputPaths = (
				"${TARGET_BUILD_DIR}/${FRAMEWORKS_FOLDER_PATH}/Alamofire.framework",
				"${TARGET_BUILD_DIR}/${FRAMEWORKS_FOLDER_PATH}/ObjectMapper.framework",
				"${TARGET_BUILD_DIR}/${FRAMEWORKS_FOLDER_PATH}/ReactiveCocoa.framework",
				"${TARGET_BUILD_DIR}/${FRAMEWORKS_FOLDER_PATH}/ReactiveSwift.framework",
				"${TARGET_BUILD_DIR}/${FRAMEWORKS_FOLDER_PATH}/Result.framework",
			);
			runOnlyForDeploymentPostprocessing = 0;
			shellPath = /bin/sh;
			shellScript = "\"${SRCROOT}/Pods/Target Support Files/Pods-RHNetworking/Pods-RHNetworking-frameworks.sh\"\n";
			showEnvVarsInLog = 0;
		};
/* End PBXShellScriptBuildPhase section */

/* Begin PBXSourcesBuildPhase section */
		EC76BDD320E4B6C00026341E /* Sources */ = {
			isa = PBXSourcesBuildPhase;
			buildActionMask = 2147483647;
			files = (
				EC76BDF220E4B89B0026341E /* RHNetworkStatus.swift in Sources */,
				EC76BDF420E4B89B0026341E /* RHNetwork+Extensions.swift in Sources */,
				EC76BDDD20E4B6C00026341E /* ViewController.swift in Sources */,
				EC76BDDB20E4B6C00026341E /* AppDelegate.swift in Sources */,
				EC76BDF320E4B89B0026341E /* RHNetworkProvider.swift in Sources */,
				EC76BDF120E4B89B0026341E /* RHRequest.swift in Sources */,
			);
			runOnlyForDeploymentPostprocessing = 0;
		};
/* End PBXSourcesBuildPhase section */

/* Begin PBXVariantGroup section */
		EC76BDDE20E4B6C00026341E /* Main.storyboard */ = {
			isa = PBXVariantGroup;
			children = (
				EC76BDDF20E4B6C00026341E /* Base */,
			);
			name = Main.storyboard;
			sourceTree = "<group>";
		};
		EC76BDE320E4B6C10026341E /* LaunchScreen.storyboard */ = {
			isa = PBXVariantGroup;
			children = (
				EC76BDE420E4B6C10026341E /* Base */,
			);
			name = LaunchScreen.storyboard;
			sourceTree = "<group>";
		};
/* End PBXVariantGroup section */

/* Begin XCBuildConfiguration section */
		EC76BDE720E4B6C10026341E /* Debug */ = {
			isa = XCBuildConfiguration;
			buildSettings = {
				ALWAYS_SEARCH_USER_PATHS = NO;
				CLANG_ANALYZER_NONNULL = YES;
				CLANG_ANALYZER_NUMBER_OBJECT_CONVERSION = YES_AGGRESSIVE;
				CLANG_CXX_LANGUAGE_STANDARD = "gnu++14";
				CLANG_CXX_LIBRARY = "libc++";
				CLANG_ENABLE_MODULES = YES;
				CLANG_ENABLE_OBJC_ARC = YES;
				CLANG_ENABLE_OBJC_WEAK = YES;
				CLANG_WARN_BLOCK_CAPTURE_AUTORELEASING = YES;
				CLANG_WARN_BOOL_CONVERSION = YES;
				CLANG_WARN_COMMA = YES;
				CLANG_WARN_CONSTANT_CONVERSION = YES;
				CLANG_WARN_DEPRECATED_OBJC_IMPLEMENTATIONS = YES;
				CLANG_WARN_DIRECT_OBJC_ISA_USAGE = YES_ERROR;
				CLANG_WARN_DOCUMENTATION_COMMENTS = YES;
				CLANG_WARN_EMPTY_BODY = YES;
				CLANG_WARN_ENUM_CONVERSION = YES;
				CLANG_WARN_INFINITE_RECURSION = YES;
				CLANG_WARN_INT_CONVERSION = YES;
				CLANG_WARN_NON_LITERAL_NULL_CONVERSION = YES;
				CLANG_WARN_OBJC_IMPLICIT_RETAIN_SELF = YES;
				CLANG_WARN_OBJC_LITERAL_CONVERSION = YES;
				CLANG_WARN_OBJC_ROOT_CLASS = YES_ERROR;
				CLANG_WARN_RANGE_LOOP_ANALYSIS = YES;
				CLANG_WARN_STRICT_PROTOTYPES = YES;
				CLANG_WARN_SUSPICIOUS_MOVE = YES;
				CLANG_WARN_UNGUARDED_AVAILABILITY = YES_AGGRESSIVE;
				CLANG_WARN_UNREACHABLE_CODE = YES;
				CLANG_WARN__DUPLICATE_METHOD_MATCH = YES;
				CODE_SIGN_IDENTITY = "iPhone Developer";
				COPY_PHASE_STRIP = NO;
				DEBUG_INFORMATION_FORMAT = dwarf;
				ENABLE_STRICT_OBJC_MSGSEND = YES;
				ENABLE_TESTABILITY = YES;
				GCC_C_LANGUAGE_STANDARD = gnu11;
				GCC_DYNAMIC_NO_PIC = NO;
				GCC_NO_COMMON_BLOCKS = YES;
				GCC_OPTIMIZATION_LEVEL = 0;
				GCC_PREPROCESSOR_DEFINITIONS = (
					"DEBUG=1",
					"$(inherited)",
				);
				GCC_WARN_64_TO_32_BIT_CONVERSION = YES;
				GCC_WARN_ABOUT_RETURN_TYPE = YES_ERROR;
				GCC_WARN_UNDECLARED_SELECTOR = YES;
				GCC_WARN_UNINITIALIZED_AUTOS = YES_AGGRESSIVE;
				GCC_WARN_UNUSED_FUNCTION = YES;
				GCC_WARN_UNUSED_VARIABLE = YES;
				IPHONEOS_DEPLOYMENT_TARGET = 11.4;
				MTL_ENABLE_DEBUG_INFO = YES;
				ONLY_ACTIVE_ARCH = YES;
				SDKROOT = iphoneos;
				SWIFT_ACTIVE_COMPILATION_CONDITIONS = DEBUG;
				SWIFT_OPTIMIZATION_LEVEL = "-Onone";
			};
			name = Debug;
		};
		EC76BDE820E4B6C10026341E /* Release */ = {
			isa = XCBuildConfiguration;
			buildSettings = {
				ALWAYS_SEARCH_USER_PATHS = NO;
				CLANG_ANALYZER_NONNULL = YES;
				CLANG_ANALYZER_NUMBER_OBJECT_CONVERSION = YES_AGGRESSIVE;
				CLANG_CXX_LANGUAGE_STANDARD = "gnu++14";
				CLANG_CXX_LIBRARY = "libc++";
				CLANG_ENABLE_MODULES = YES;
				CLANG_ENABLE_OBJC_ARC = YES;
				CLANG_ENABLE_OBJC_WEAK = YES;
				CLANG_WARN_BLOCK_CAPTURE_AUTORELEASING = YES;
				CLANG_WARN_BOOL_CONVERSION = YES;
				CLANG_WARN_COMMA = YES;
				CLANG_WARN_CONSTANT_CONVERSION = YES;
				CLANG_WARN_DEPRECATED_OBJC_IMPLEMENTATIONS = YES;
				CLANG_WARN_DIRECT_OBJC_ISA_USAGE = YES_ERROR;
				CLANG_WARN_DOCUMENTATION_COMMENTS = YES;
				CLANG_WARN_EMPTY_BODY = YES;
				CLANG_WARN_ENUM_CONVERSION = YES;
				CLANG_WARN_INFINITE_RECURSION = YES;
				CLANG_WARN_INT_CONVERSION = YES;
				CLANG_WARN_NON_LITERAL_NULL_CONVERSION = YES;
				CLANG_WARN_OBJC_IMPLICIT_RETAIN_SELF = YES;
				CLANG_WARN_OBJC_LITERAL_CONVERSION = YES;
				CLANG_WARN_OBJC_ROOT_CLASS = YES_ERROR;
				CLANG_WARN_RANGE_LOOP_ANALYSIS = YES;
				CLANG_WARN_STRICT_PROTOTYPES = YES;
				CLANG_WARN_SUSPICIOUS_MOVE = YES;
				CLANG_WARN_UNGUARDED_AVAILABILITY = YES_AGGRESSIVE;
				CLANG_WARN_UNREACHABLE_CODE = YES;
				CLANG_WARN__DUPLICATE_METHOD_MATCH = YES;
				CODE_SIGN_IDENTITY = "iPhone Developer";
				COPY_PHASE_STRIP = NO;
				DEBUG_INFORMATION_FORMAT = "dwarf-with-dsym";
				ENABLE_NS_ASSERTIONS = NO;
				ENABLE_STRICT_OBJC_MSGSEND = YES;
				GCC_C_LANGUAGE_STANDARD = gnu11;
				GCC_NO_COMMON_BLOCKS = YES;
				GCC_WARN_64_TO_32_BIT_CONVERSION = YES;
				GCC_WARN_ABOUT_RETURN_TYPE = YES_ERROR;
				GCC_WARN_UNDECLARED_SELECTOR = YES;
				GCC_WARN_UNINITIALIZED_AUTOS = YES_AGGRESSIVE;
				GCC_WARN_UNUSED_FUNCTION = YES;
				GCC_WARN_UNUSED_VARIABLE = YES;
				IPHONEOS_DEPLOYMENT_TARGET = 11.4;
				MTL_ENABLE_DEBUG_INFO = NO;
				SDKROOT = iphoneos;
				SWIFT_COMPILATION_MODE = wholemodule;
				SWIFT_OPTIMIZATION_LEVEL = "-O";
				VALIDATE_PRODUCT = YES;
			};
			name = Release;
		};
		EC76BDEA20E4B6C10026341E /* Debug */ = {
			isa = XCBuildConfiguration;
			baseConfigurationReference = E68763236B21F08D86F4B20D /* Pods-RHNetworking.debug.xcconfig */;
			buildSettings = {
				ASSETCATALOG_COMPILER_APPICON_NAME = AppIcon;
				CODE_SIGN_STYLE = Automatic;
				DEVELOPMENT_TEAM = 446CL45DQR;
				INFOPLIST_FILE = RHNetworking/Info.plist;
				LD_RUNPATH_SEARCH_PATHS = (
					"$(inherited)",
					"@executable_path/Frameworks",
				);
				PRODUCT_BUNDLE_IDENTIFIER = com.pyq.PYQ.RHNetworking;
				PRODUCT_NAME = "$(TARGET_NAME)";
				SWIFT_VERSION = 4.0;
				TARGETED_DEVICE_FAMILY = "1,2";
			};
			name = Debug;
		};
		EC76BDEB20E4B6C10026341E /* Release */ = {
			isa = XCBuildConfiguration;
			baseConfigurationReference = 952EF4AED38FB4B65E8BF749 /* Pods-RHNetworking.release.xcconfig */;
			buildSettings = {
				ASSETCATALOG_COMPILER_APPICON_NAME = AppIcon;
				CODE_SIGN_STYLE = Automatic;
				DEVELOPMENT_TEAM = 446CL45DQR;
				INFOPLIST_FILE = RHNetworking/Info.plist;
				LD_RUNPATH_SEARCH_PATHS = (
					"$(inherited)",
					"@executable_path/Frameworks",
				);
				PRODUCT_BUNDLE_IDENTIFIER = com.pyq.PYQ.RHNetworking;
				PRODUCT_NAME = "$(TARGET_NAME)";
				SWIFT_VERSION = 4.0;
				TARGETED_DEVICE_FAMILY = "1,2";
			};
			name = Release;
		};
/* End XCBuildConfiguration section */

/* Begin XCConfigurationList section */
		EC76BDD220E4B6C00026341E /* Build configuration list for PBXProject "RHNetworking" */ = {
			isa = XCConfigurationList;
			buildConfigurations = (
				EC76BDE720E4B6C10026341E /* Debug */,
				EC76BDE820E4B6C10026341E /* Release */,
			);
			defaultConfigurationIsVisible = 0;
			defaultConfigurationName = Release;
		};
		EC76BDE920E4B6C10026341E /* Build configuration list for PBXNativeTarget "RHNetworking" */ = {
			isa = XCConfigurationList;
			buildConfigurations = (
				EC76BDEA20E4B6C10026341E /* Debug */,
				EC76BDEB20E4B6C10026341E /* Release */,
			);
			defaultConfigurationIsVisible = 0;
			defaultConfigurationName = Release;
		};
/* End XCConfigurationList section */
	};
	rootObject = EC76BDCF20E4B6C00026341E /* Project object */;
}
